
Microsoft Visual Studio Solution File, Format Version 12.00
# Visual Studio Version 16
VisualStudioVersion = 16.0.30204.135
MinimumVisualStudioVersion = 10.0.40219.1
Project("{FAE04EC0-301F-11D3-BF4B-00C04F79EFBC}") = "HomeWorkApplication", "HomeWorkApplication\HomeWorkApplication.csproj", "{7A0D3A76-C01C-44D5-9B96-E529692EB984}"
EndProject
Project("{FAE04EC0-301F-11D3-BF4B-00C04F79EFBC}") = "HomeWorkApplication.DAL", "HomeWorkApplication.DAL\HomeWorkApplication.DAL.csproj", "{61E0DA3B-08EE-472F-AB69-CDB9DA0793FD}"
EndProject
Global
	GlobalSection(SolutionConfigurationPlatforms) = preSolution
		Debug|Any CPU = Debug|Any CPU
		Release|Any CPU = Release|Any CPU
	EndGlobalSection
	GlobalSection(ProjectConfigurationPlatforms) = postSolution
		{7A0D3A76-C01C-44D5-9B96-E529692EB984}.Debug|Any CPU.ActiveCfg = Debug|Any CPU
		{7A0D3A76-C01C-44D5-9B96-E529692EB984}.Debug|Any CPU.Build.0 = Debug|Any CPU
		{7A0D3A76-C01C-44D5-9B96-E529692EB984}.Release|Any CPU.ActiveCfg = Release|Any CPU
		{7A0D3A76-C01C-44D5-9B96-E529692EB984}.Release|Any CPU.Build.0 = Release|Any CPU
		{61E0DA3B-08EE-472F-AB69-CDB9DA0793FD}.Debug|Any CPU.ActiveCfg = Debug|Any CPU
		{61E0DA3B-08EE-472F-AB69-CDB9DA0793FD}.Debug|Any CPU.Build.0 = Debug|Any CPU
		{61E0DA3B-08EE-472F-AB69-CDB9DA0793FD}.Release|Any CPU.ActiveCfg = Release|Any CPU
		{61E0DA3B-08EE-472F-AB69-CDB9DA0793FD}.Release|Any CPU.Build.0 = Release|Any CPU
	EndGlobalSection
	GlobalSection(SolutionProperties) = preSolution
		HideSolutionNode = FALSE
	EndGlobalSection
	GlobalSection(ExtensibilityGlobals) = postSolution
		SolutionGuid = {42DD6755-9A02-4000-BDA3-C95681E81981}
	EndGlobalSection
EndGlobal
